{
  "requires": true,
  "lockfileVersion": 1,
  "dependencies": {
    "bezier-js": {
      "version": "2.2.5",
      "resolved": "https://registry.npmjs.org/bezier-js/-/bezier-js-2.2.5.tgz",
      "integrity": "sha512-HGh+GevPguxrAmnWF2/A+8c8FEatnKcE6WttpYWA5fn1CfpJz4reFbr11DuyFs2gwaIo9vF7aVXW2xg1iaqvyg=="
    },
    "bezierjs": {
      "version": "0.0.4",
      "resolved": "https://registry.npmjs.org/bezierjs/-/bezierjs-0.0.4.tgz",
      "integrity": "sha1-OWzr3N8R7xCHyHjRsuMQ3xoFrNY="
    }
  }
}
